{
  "name": "angular-pwa-app",
  "version": "0.0.0",
  "lockfileVersion": 1,
  "requires": true,
  "dependencies": {
    "@angular-devkit/build-angular": {
      "version": "0.6.8",
      "resolved": "https://registry.npmjs.org/@angular-devkit/build-angular/-/build-angular-0.6.8.tgz",
      "integrity": "sha512-VGqYAk8jpISraz2UHfsDre270NOUmV0CTSZw2p9sm5g/XIr5m+IHetFZz3gpoAr9+If2aFTs8Rt3sGdCRzwBqA==",
      "dev": true
    },
    "@angular/animations": {
      "version": "6.0.4",
      "resolved": "https://registry.npmjs.org/@angular/animations/-/animations-6.0.4.tgz",
      "integrity": "sha512-Ro1XEwShk8XRAogfu73fKLTBLnND1s+MGhN+ymwr7ib9hqxVr7jMNE+MXPqG2/1BX9c+7NHb30B8G4woQn62vw=="
    },
    "@angular/cli": {
      "version": "6.0.8",
      "resolved": "https://registry.npmjs.org/@angular/cli/-/cli-6.0.8.tgz",
      "integrity": "sha512-DhH1Zq5Yonthw6zh6W07fhf+9XrAZbD1fcQ0MrmbxlieCfLlTAdBqyK2LavFCKwSZkUMLF6UHM3+jiNRVZSSIg==",
      "dev": true,
      "dependencies": {
        "camelcase": {
          "version": "4.1.0",
          "resolved": "https://registry.npmjs.org/camelcase/-/camelcase-4.1.0.tgz",
          "integrity": "sha1-1UVjW+HjPFQmScaRc+Xeas+uNN0="
        },
        "yargs-parser": {
          "version": "10.0.0",
          "resolved": "https://registry.npmjs.org/yargs-parser/-/yargs-parser-10.0.0.tgz",
          "integrity": "sha512-+DHejWujTVYeMHLff8U96rLc4uE4Emncoftvn5AjhB1Jw1pWxLzgBUT/WYbPrHmy6YPEBTZQx5myHhVcuuu64g=="
        }
      }
    },
    "@angular/common": {
      "version": "6.0.4",
      "resolved": "https://registry.npmjs.org/@angular/common/-/common-6.0.4.tgz",
      "integrity": "sha512-z2UE6a43u49omsqjzwdHhwD+wpCPauuD13FMkVQMLwzugKhNri0LjMk5I0I9xLz9OyXICm2B+wPAQN4d07savg=="
    },
    "@angular/compiler": {
      "version": "6.0.4",
      "resolved": "https://registry.npmjs.org/@angular/compiler/-/compiler-6.0.4.tgz",
      "integrity": "sha512-qwjuPacuRKUroD+xev653mljV9Jwhi2tvwGo/cVadq0isJ2rVH1hO6sa1FWFnNf1KPnyolMobZlMgg8DFW/yRw=="
    },
    "@angular/compiler-cli": {
      "version": "6.0.4",
      "resolved": "https://registry.npmjs.org/@angular/compiler-cli/-/compiler-cli-6.0.4.tgz",
      "integrity": "sha512-bkN21JJrsbIdXNfOc9I9iB7AETUe4/QvApC25R3/pERSyhkK7UNNHTqg4FY5xMdSxlZd1ccWj8rvSbS+hFbTBw==",
      "dev": true,
      "dependencies": {
        "anymatch": {
          "version": "1.3.2",
          "resolved": "https://registry.npmjs.org/anymatch/-/anymatch-1.3.2.tgz",
          "integrity": "sha512-0XNayC8lTHQ2OI8aljNCN3sSx6hsr/1+rlcDAotXJR7C1oZZHCNsfpbKwMjRA3Uqb5tF1Rae2oloTr4xpq+WjA=="
        },
        "arr-diff": {
          "version": "2.0.0",
          "resolved": "https://registry.npmjs.org/arr-diff/-/arr-diff-2.0.0.tgz",
          "integrity": "sha1-jzuCf5Vai9ZpaX5KQlasPOrjVs8="
        },
        "array-unique": {
          "version": "0.2.1",
          "resolved": "https://registry.npmjs.org/array-unique/-/array-unique-0.2.1.tgz",
          "integrity": "sha1-odl8yvy8JiXMcPrc6zalDFiwGlM="
        },
        "braces": {
          "version": "1.8.5",
          "resolved": "https://registry.npmjs.org/braces/-/braces-1.8.5.tgz",
          "integrity": "sha1-uneWLhLf+WnWt2cR6RS3N4V79qc="
        },
        "chokidar": {
          "version": "1.7.0",
          "resolved": "https://registry.npmjs.org/chokidar/-/chokidar-1.7.0.tgz",
          "integrity": "sha1-eY5ol3gVHIB2tLNg5e3SjNortGg="
        },
        "expand-brackets": {
          "version": "0.1.5",
          "resolved": "https://registry.npmjs.org/expand-brackets/-/expand-brackets-0.1.5.tgz",
          "integrity": "sha1-3wcoTjQqgHzXM6xa9yQR5YHRF3s="
        },
        "extglob": {
          "version": "0.3.2",
          "resolved": "https://registry.npmjs.org/extglob/-/extglob-0.3.2.tgz",
          "integrity": "sha1-Lhj/PS9JqydlzskCPwEdqo2DSaE="
        },
        "glob-parent": {
          "version": "2.0.0",
          "resolved": "https://registry.npmjs.org/glob-parent/-/glob-parent-2.0.0.tgz",
          "integrity": "sha1-gTg9ctsFT8zPUzbaqQLxgvbtuyg="
        },
        "is-extglob": {
          "version": "1.0.0",
          "resolved": "https://registry.npmjs.org/is-extglob/-/is-extglob-1.0.0.tgz",
          "integrity": "sha1-rEaBd8SUNAWgkvyPKXYMb/xiBsA="
        },
        "is-glob": {
          "version": "2.0.1",
          "resolved": "https://registry.npmjs.org/is-glob/-/is-glob-2.0.1.tgz",
          "integrity": "sha1-0Jb5JqPe1WAPP9/ZEZjLCIjC2GM="
        },
        "kind-of": {
          "version": "3.2.2",
          "resolved": "https://registry.npmjs.org/kind-of/-/kind-of-3.2.2.tgz",
          "integrity": "sha1-MeohpzS6ubuw8yRm2JOupR5KPGQ="
        },
        "micromatch": {
          "version": "2.3.11",
          "resolved": "https://registry.npmjs.org/micromatch/-/micromatch-2.3.11.tgz",
          "integrity": "sha1-hmd8l9FyCzY0MdBNDRUpO9OMFWU="
        },
        "minimist": {
          "version": "1.2.0",
          "resolved": "https://registry.npmjs.org/minimist/-/minimist-1.2.0.tgz",
          "integrity": "sha1-o1AIsg9BOD7sH7kU9M1d95omQoQ="
        }
      }
    },
    "@angular/core": {
      "version": "6.0.4",
      "resolved": "https://registry.npmjs.org/@angular/core/-/core-6.0.4.tgz",
      "integrity": "sha512-WCW8wyRoIKkjGjOjVLFpUyhQw/K0//s3W0qo1/vH6m9njC63jP/VP+2Xnt8bdtgeET2NYUeyl+w/0vUXqYlnEA=="
    },
    "@angular/forms": {
      "version": "6.0.4",
      "resolved": "https://registry.npmjs.org/@angular/forms/-/forms-6.0.4.tgz",
      "integrity": "sha512-JcKyCCkAwF3NlWuwPxtpRhFX/8QbFUkA4W0N62L+Odm8G0/P4QhMw/99o5kRs5xrsQRVyFlGvdYOrkgDyyZkGg=="
    },
    "@angular/http": {
      "version": "6.0.4",
      "resolved": "https://registry.npmjs.org/@angular/http/-/http-6.0.4.tgz",
      "integrity": "sha512-bq7cS0/5hM3Af3FolEe7HpKP19/7MJWIPGi5k9rYCGM4dXKFiKa+LA/SbXE0DMiKxhAQbZDwQ9HN04r70DRyBQ=="
    },
    "@angular/language-service": {
      "version": "6.0.4",
      "resolved": "https://registry.npmjs.org/@angular/language-service/-/language-service-6.0.4.tgz",
      "integrity": "sha512-LyFh/sFtnyjJJYO5UKM31nGSSkmGYFMwqzwbG+l0QNQXNoa9jj+OApvu0oOY5F0WP9DBrOAzj74j2M5olprtMQ==",
      "dev": true
    },
    "@angular/platform-browser": {
      "version": "6.0.4",
      "resolved": "https://registry.npmjs.org/@angular/platform-browser/-/platform-browser-6.0.4.tgz",
      "integrity": "sha512-4y6rSqOLuBs+RL0CIM+RZ5T8a5Tm1NisZcTUGvM8lVYPNkqTzNfHQXhBq8mTgRw9JopEwOj+UEqBbgrNX715yQ=="
    },
    "@angular/platform-browser-dynamic": {
      "version": "6.0.4",
      "resolved": "https://registry.npmjs.org/@angular/platform-browser-dynamic/-/platform-browser-dynamic-6.0.4.tgz",
      "integrity": "sha512-uh7MoQi9kyKPFHrD7HPOU5gWyhF4pPJuGltyMTOtM/f5TNL9QQI2EugijKnnSFLQ8+7UQjmFAVeRqH9jylhIyQ=="
    },
    "@angular/pwa": {
      "version": "0.6.8",
      "resolved": "https://registry.npmjs.org/@angular/pwa/-/pwa-0.6.8.tgz",
      "integrity": "sha512-HaWECP7UCZsA9jIrT67nlaG3iPKIXLknCJpkVFFHvQFNK3Jkgv7YtZCleN+GU3UNKcwHSLBQqM9/Hob2ixEfnw==",
      "dependencies": {
        "typescript": {
          "version": "2.6.2",
          "resolved": "https://registry.npmjs.org/typescript/-/typescript-2.6.2.tgz",
          "integrity": "sha1-PFtv1/beCRQmkCfwPAlGdY92c6Q="
        }
      }
    },
    "@angular/router": {
      "version": "6.0.4",
      "resolved": "https://registry.npmjs.org/@angular/router/-/router-6.0.4.tgz",
      "integrity": "sha512-IKUtbbRtHN8I+Hp8/pLqBPyXJmQHrPFGzKU3H43TovD++mmT5AaYVCeJgkGUB//wjtLN3y0X/yrmyWFWcN35Gw=="
    },
    "@angular/service-worker": {
      "version": "6.0.4",
      "resolved": "https://registry.npmjs.org/@angular/service-worker/-/service-worker-6.0.4.tgz",
      "integrity": "sha512-Hg/3oCVehBBtQeaj8ILVYhzbkyAo1BJos5w7YKusemKwj3fvekq3tTf/IwbTnmOWlHNEXE6/J6ZESiT5W5Yfcg=="
    },
    "@types/jasmine": {
      "version": "2.8.8",
      "resolved": "https://registry.npmjs.org/@types/jasmine/-/jasmine-2.8.8.tgz",
      "integrity": "sha512-OJSUxLaxXsjjhob2DBzqzgrkLmukM3+JMpRp0r0E4HTdT1nwDCWhaswjYxazPij6uOdzHCJfNbDjmQ1/rnNbCg==",
      "dev": true
    },
    "@types/jasminewd2": {
      "version": "2.0.3",
      "resolved": "https://registry.npmjs.org/@types/jasminewd2/-/jasminewd2-2.0.3.tgz",
      "integrity": "sha512-hYDVmQZT5VA2kigd4H4bv7vl/OhlympwREUemqBdOqtrYTo5Ytm12a5W5/nGgGYdanGVxj0x/VhZ7J3hOg/YKg==",
      "dev": true
    },
    "@types/node": {
      "version": "8.9.5",
      "resolved": "https://registry.npmjs.org/@types/node/-/node-8.9.5.tgz",
      "integrity": "sha512-jRHfWsvyMtXdbhnz5CVHxaBgnV6duZnPlQuRSo/dm/GnmikNcmZhxIES4E9OZjUmQ8C+HCl4KJux+cXN/ErGDQ==",
      "dev": true
    },
    "angularfire2": {
      "version": "5.0.0-rc.10",
      "resolved": "https://registry.npmjs.org/angularfire2/-/angularfire2-5.0.0-rc.10.tgz",
      "integrity": "sha512-DTEO9AlMPbic5lYvx5syQ/vUahPO6YmdA2dC6213Bj3My3+tvXsErUcNFH4YIH1wm8Joojus2ZeHDuyhjtPOYg=="
    },
    "codelyzer": {
      "version": "4.2.1",
      "resolved": "https://registry.npmjs.org/codelyzer/-/codelyzer-4.2.1.tgz",
      "integrity": "sha512-CKwfgpfkqi9dyzy4s6ELaxJ54QgJ6A8iTSsM4bzHbLuTpbKncvNc3DUlCvpnkHBhK47gEf4qFsWoYqLrJPhy6g==",
      "dev": true
    },
    "core-js": {
      "version": "2.5.7",
      "resolved": "https://registry.npmjs.org/core-js/-/core-js-2.5.7.tgz",
      "integrity": "sha512-RszJCAxg/PP6uzXVXL6BsxSXx/B05oJAQ2vkJRjyjrEcNVycaqOmNb5OTxZPE3xa5gwZduqza6L9JOCenh/Ecw=="
    },
    "firebase": {
      "version": "5.0.4",
      "resolved": "https://registry.npmjs.org/firebase/-/firebase-5.0.4.tgz",
      "integrity": "sha512-UIlUOcISw6uiAwbsj/bamDDKJtdjx9GU2m9XgPF58DSA8IJaIbfdL6jT5C03R5mL+mMpXoKDAOeOq+ynf+R09w=="
    },
    "jasmine-core": {
      "version": "2.99.1",
      "resolved": "https://registry.npmjs.org/jasmine-core/-/jasmine-core-2.99.1.tgz",
      "integrity": "sha1-5kAN8ea1bhMLYcS80JPap/boyhU=",
      "dev": true
    },
    "jasmine-spec-reporter": {
      "version": "4.2.1",
      "resolved": "https://registry.npmjs.org/jasmine-spec-reporter/-/jasmine-spec-reporter-4.2.1.tgz",
      "integrity": "sha512-FZBoZu7VE5nR7Nilzy+Np8KuVIOxF4oXDPDknehCYBDE080EnlPu0afdZNmpGDBRCUBv3mj5qgqCRmk6W/K8vg==",
      "dev": true
    },
    "karma": {
      "version": "1.7.1",
      "resolved": "https://registry.npmjs.org/karma/-/karma-1.7.1.tgz",
      "integrity": "sha512-k5pBjHDhmkdaUccnC7gE3mBzZjcxyxYsYVaqiL2G5AqlfLyBO5nw2VdNK+O16cveEPd/gIOWULH7gkiYYwVNHg==",
      "dev": true,
      "dependencies": {
        "anymatch": {
          "version": "1.3.2",
          "resolved": "https://registry.npmjs.org/anymatch/-/anymatch-1.3.2.tgz",
          "integrity": "sha512-0XNayC8lTHQ2OI8aljNCN3sSx6hsr/1+rlcDAotXJR7C1oZZHCNsfpbKwMjRA3Uqb5tF1Rae2oloTr4xpq+WjA=="
        },
        "arr-diff": {
          "version": "2.0.0",
          "resolved": "https://registry.npmjs.org/arr-diff/-/arr-diff-2.0.0.tgz",
          "integrity": "sha1-jzuCf5Vai9ZpaX5KQlasPOrjVs8="
        },
        "array-unique": {
          "version": "0.2.1",
          "resolved": "https://registry.npmjs.org/array-unique/-/array-unique-0.2.1.tgz",
          "integrity": "sha1-odl8yvy8JiXMcPrc6zalDFiwGlM="
        },
        "braces": {
          "version": "1.8.5",
          "resolved": "https://registry.npmjs.org/braces/-/braces-1.8.5.tgz",
          "integrity": "sha1-uneWLhLf+WnWt2cR6RS3N4V79qc="
        },
        "chokidar": {
          "version": "1.7.0",
          "resolved": "https://registry.npmjs.org/chokidar/-/chokidar-1.7.0.tgz",
          "integrity": "sha1-eY5ol3gVHIB2tLNg5e3SjNortGg="
        },
        "expand-brackets": {
          "version": "0.1.5",
          "resolved": "https://registry.npmjs.org/expand-brackets/-/expand-brackets-0.1.5.tgz",
          "integrity": "sha1-3wcoTjQqgHzXM6xa9yQR5YHRF3s="
        },
        "extglob": {
          "version": "0.3.2",
          "resolved": "https://registry.npmjs.org/extglob/-/extglob-0.3.2.tgz",
          "integrity": "sha1-Lhj/PS9JqydlzskCPwEdqo2DSaE="
        },
        "glob-parent": {
          "version": "2.0.0",
          "resolved": "https://registry.npmjs.org/glob-parent/-/glob-parent-2.0.0.tgz",
          "integrity": "sha1-gTg9ctsFT8zPUzbaqQLxgvbtuyg="
        },
        "is-extglob": {
          "version": "1.0.0",
          "resolved": "https://registry.npmjs.org/is-extglob/-/is-extglob-1.0.0.tgz",
          "integrity": "sha1-rEaBd8SUNAWgkvyPKXYMb/xiBsA="
        },
        "is-glob": {
          "version": "2.0.1",
          "resolved": "https://registry.npmjs.org/is-glob/-/is-glob-2.0.1.tgz",
          "integrity": "sha1-0Jb5JqPe1WAPP9/ZEZjLCIjC2GM="
        },
        "kind-of": {
          "version": "3.2.2",
          "resolved": "https://registry.npmjs.org/kind-of/-/kind-of-3.2.2.tgz",
          "integrity": "sha1-MeohpzS6ubuw8yRm2JOupR5KPGQ="
        },
        "lodash": {
          "version": "3.10.1",
          "resolved": "https://registry.npmjs.org/lodash/-/lodash-3.10.1.tgz",
          "integrity": "sha1-W/Rejkm6QYnhfUgnid/RW9FAt7Y="
        },
        "micromatch": {
          "version": "2.3.11",
          "resolved": "https://registry.npmjs.org/micromatch/-/micromatch-2.3.11.tgz",
          "integrity": "sha1-hmd8l9FyCzY0MdBNDRUpO9OMFWU="
        }
      }
    },
    "karma-chrome-launcher": {
      "version": "2.2.0",
      "resolved": "https://registry.npmjs.org/karma-chrome-launcher/-/karma-chrome-launcher-2.2.0.tgz",
      "integrity": "sha512-uf/ZVpAabDBPvdPdveyk1EPgbnloPvFFGgmRhYLTDH7gEB4nZdSBk8yTU47w1g/drLSx5uMOkjKk7IWKfWg/+w==",
      "dev": true
    },
    "karma-coverage-istanbul-reporter": {
      "version": "2.0.1",
      "resolved": "https://registry.npmjs.org/karma-coverage-istanbul-reporter/-/karma-coverage-istanbul-reporter-2.0.1.tgz",
      "integrity": "sha512-UcgrHkFehI5+ivMouD8NH/UOHiX4oCAtwaANylzPFdcAuD52fnCUuelacq2gh8tZ4ydhU3+xiXofSq7j5Ehygw==",
      "dev": true
    },
    "karma-jasmine": {
      "version": "1.1.2",
      "resolved": "https://registry.npmjs.org/karma-jasmine/-/karma-jasmine-1.1.2.tgz",
      "integrity": "sha1-OU8rJf+0pkS5rabyLUQ+L9CIhsM=",
      "dev": true
    },
    "karma-jasmine-html-reporter": {
      "version": "0.2.2",
      "resolved": "https://registry.npmjs.org/karma-jasmine-html-reporter/-/karma-jasmine-html-reporter-0.2.2.tgz",
      "integrity": "sha1-SKjl7xiAdhfuK14zwRlMNbQ5Ukw=",
      "dev": true
    },
    "protractor": {
      "version": "5.3.2",
      "resolved": "https://registry.npmjs.org/protractor/-/protractor-5.3.2.tgz",
      "integrity": "sha512-pw4uwwiy5lHZjIguxNpkEwJJa7hVz+bJsvaTI+IbXlfn2qXwzbF8eghW/RmrZwE2sGx82I8etb8lVjQ+JrjejA==",
      "dev": true,
      "dependencies": {
        "@types/node": {
          "version": "6.0.112",
          "resolved": "https://registry.npmjs.org/@types/node/-/node-6.0.112.tgz",
          "integrity": "sha512-HnekQWq9t3Gl5aBYYi8sGyOWm85M5ub2llMrpQkRY94eJEUhsUr8qYNaeefv22cxxm+D67a+5zIzpl+dpFxdjQ=="
        },
        "adm-zip": {
          "version": "0.4.11",
          "resolved": "https://registry.npmjs.org/adm-zip/-/adm-zip-0.4.11.tgz",
          "integrity": "sha512-L8vcjDTCOIJk7wFvmlEUN7AsSb8T+2JrdP7KINBjzr24TJ5Mwj590sLu3BC7zNZowvJWa/JtPmD8eJCzdtDWjA=="
        },
        "ansi-styles": {
          "version": "2.2.1",
          "resolved": "https://registry.npmjs.org/ansi-styles/-/ansi-styles-2.2.1.tgz",
          "integrity": "sha1-tDLdM1i2NM914eRmQ2gkBTPB3b4="
        },
        "chalk": {
          "version": "1.1.3",
          "resolved": "https://registry.npmjs.org/chalk/-/chalk-1.1.3.tgz",
          "integrity": "sha1-qBFcVeSnAv5NFQq9OHKCKn4J/Jg="
        },
        "del": {
          "version": "2.2.2",
          "resolved": "https://registry.npmjs.org/del/-/del-2.2.2.tgz",
          "integrity": "sha1-wSyYHQZ4RshLyvhiz/kw2Qf/0ag="
        },
        "globby": {
          "version": "5.0.0",
          "resolved": "https://registry.npmjs.org/globby/-/globby-5.0.0.tgz",
          "integrity": "sha1-69hGZ8oNuzMLmbz8aOrCvFQ3Dg0="
        },
        "minimist": {
          "version": "1.2.0",
          "resolved": "https://registry.npmjs.org/minimist/-/minimist-1.2.0.tgz",
          "integrity": "sha1-o1AIsg9BOD7sH7kU9M1d95omQoQ="
        },
        "pify": {
          "version": "2.3.0",
          "resolved": "https://registry.npmjs.org/pify/-/pify-2.3.0.tgz",
          "integrity": "sha1-7RQaasBDqEnqWISY59yosVMw6Qw="
        },
        "source-map-support": {
          "version": "0.4.18",
          "resolved": "https://registry.npmjs.org/source-map-support/-/source-map-support-0.4.18.tgz",
          "integrity": "sha512-try0/JqxPLF9nOjvSta7tVondkP5dwgyLDjVoyMDlmjugT2lRZ1OfsrYTkCd2hkDnJTKRbO/Rl3orm8vlsUzbA=="
        },
        "supports-color": {
          "version": "2.0.0",
          "resolved": "https://registry.npmjs.org/supports-color/-/supports-color-2.0.0.tgz",
          "integrity": "sha1-U10EXOa2Nj+kARcIRimZXp3zJMc="
        },
        "webdriver-manager": {
          "version": "12.0.6",
          "resolved": "https://registry.npmjs.org/webdriver-manager/-/webdriver-manager-12.0.6.tgz",
          "integrity": "sha1-PfGkgZdwELTL+MnYXHpXeCjA5ws="
        }
      }
    },
    "rxjs": {
      "version": "6.2.1",
      "resolved": "https://registry.npmjs.org/rxjs/-/rxjs-6.2.1.tgz",
      "integrity": "sha512-OwMxHxmnmHTUpgO+V7dZChf3Tixf4ih95cmXjzzadULziVl/FKhHScGLj4goEw9weePVOH2Q0+GcCBUhKCZc/g=="
    },
    "rxjs-compat": {
      "version": "6.2.1",
      "resolved": "https://registry.npmjs.org/rxjs-compat/-/rxjs-compat-6.2.1.tgz",
      "integrity": "sha512-Pst0lkAwVodBbBOIZic9aM1vY9asJ2u8GfKN115+goIH83PAlizJDyvixuxPAuQ1UtkmBuro7+0PqKQ3PSkhEg=="
    },
    "ts-node": {
      "version": "5.0.1",
      "resolved": "https://registry.npmjs.org/ts-node/-/ts-node-5.0.1.tgz",
      "integrity": "sha512-XK7QmDcNHVmZkVtkiwNDWiERRHPyU8nBqZB1+iv2UhOG0q3RQ9HsZ2CMqISlFbxjrYFGfG2mX7bW4dAyxBVzUw==",
      "dev": true,
      "dependencies": {
        "chalk": {
          "version": "2.4.1",
          "resolved": "https://registry.npmjs.org/chalk/-/chalk-2.4.1.tgz",
          "integrity": "sha512-ObN6h1v2fTJSmUXoS3nMQ92LbDK9be4TV+6G+omQlGJFdcUX5heKi1LZ1YnRMIgwTLEj3E24bT6tYni50rlCfQ=="
        },
        "minimist": {
          "version": "1.2.0",
          "resolved": "https://registry.npmjs.org/minimist/-/minimist-1.2.0.tgz",
          "integrity": "sha1-o1AIsg9BOD7sH7kU9M1d95omQoQ="
        }
      }
    },
    "tslint": {
      "version": "5.9.1",
      "resolved": "https://registry.npmjs.org/tslint/-/tslint-5.9.1.tgz",
      "integrity": "sha1-ElX4ej/1frCw4fDmEKi0dIBGya4=",
      "dev": true,
      "dependencies": {
        "chalk": {
          "version": "2.4.1",
          "resolved": "https://registry.npmjs.org/chalk/-/chalk-2.4.1.tgz",
          "integrity": "sha512-ObN6h1v2fTJSmUXoS3nMQ92LbDK9be4TV+6G+omQlGJFdcUX5heKi1LZ1YnRMIgwTLEj3E24bT6tYni50rlCfQ=="
        }
      }
    },
    "typescript": {
      "version": "2.7.2",
      "resolved": "https://registry.npmjs.org/typescript/-/typescript-2.7.2.tgz",
      "integrity": "sha512-p5TCYZDAO0m4G344hD+wx/LATebLWZNkkh2asWUFqSsD2OrDNhbAHuSjobrmsUmdzjJjEeZVU9g1h3O6vpstnw==",
      "dev": true
    },
    "zone.js": {
      "version": "0.8.26",
      "resolved": "https://registry.npmjs.org/zone.js/-/zone.js-0.8.26.tgz",
      "integrity": "sha512-W9Nj+UmBJG251wkCacIkETgra4QgBo/vgoEkb4a2uoLzpQG7qF9nzwoLXWU5xj3Fg2mxGvEDh47mg24vXccYjA=="
    }
  }
}
